
Microsoft Visual Studio Solution File, Format Version 12.00
# Visual Studio Version 17
VisualStudioVersion = 17.14.36623.8
MinimumVisualStudioVersion = 10.0.40219.1
Project("{FAE04EC0-301F-11D3-BF4B-00C04F79EFBC}") = "BusinessTripApplicationServerExtension", "BusinessTripApplicationServerExtension\BusinessTripApplicationServerExtension.csproj", "{34F36CF9-9860-4751-9BE4-CD4911E60B7C}"
EndProject
Project("{54A90642-561A-4BB1-A94E-469ADEE60C69}") = "BusinessTripApplicationWebExtension", "BusinessTripApplicationWebExtension\BusinessTripApplicationWebExtension.esproj", "{EC7DBB01-377A-C63F-1F54-005F28C4C648}"
EndProject
Project("{FAE04EC0-301F-11D3-BF4B-00C04F79EFBC}") = "BusinessTripApplicationSQL", "BusinessTripApplicationSQL\BusinessTripApplicationSQL.csproj", "{097744F5-E2AA-48A4-86E0-AF2E443B974A}"
EndProject
Global
	GlobalSection(SolutionConfigurationPlatforms) = preSolution
		Debug|Any CPU = Debug|Any CPU
		Release|Any CPU = Release|Any CPU
	EndGlobalSection
	GlobalSection(ProjectConfigurationPlatforms) = postSolution
		{34F36CF9-9860-4751-9BE4-CD4911E60B7C}.Debug|Any CPU.ActiveCfg = Debug|Any CPU
		{34F36CF9-9860-4751-9BE4-CD4911E60B7C}.Debug|Any CPU.Build.0 = Debug|Any CPU
		{34F36CF9-9860-4751-9BE4-CD4911E60B7C}.Release|Any CPU.ActiveCfg = Release|Any CPU
		{34F36CF9-9860-4751-9BE4-CD4911E60B7C}.Release|Any CPU.Build.0 = Release|Any CPU
		{EC7DBB01-377A-C63F-1F54-005F28C4C648}.Debug|Any CPU.ActiveCfg = Debug|Any CPU
		{EC7DBB01-377A-C63F-1F54-005F28C4C648}.Debug|Any CPU.Build.0 = Debug|Any CPU
		{EC7DBB01-377A-C63F-1F54-005F28C4C648}.Debug|Any CPU.Deploy.0 = Debug|Any CPU
		{EC7DBB01-377A-C63F-1F54-005F28C4C648}.Release|Any CPU.ActiveCfg = Release|Any CPU
		{EC7DBB01-377A-C63F-1F54-005F28C4C648}.Release|Any CPU.Build.0 = Release|Any CPU
		{EC7DBB01-377A-C63F-1F54-005F28C4C648}.Release|Any CPU.Deploy.0 = Release|Any CPU
		{097744F5-E2AA-48A4-86E0-AF2E443B974A}.Debug|Any CPU.ActiveCfg = Debug|Any CPU
		{097744F5-E2AA-48A4-86E0-AF2E443B974A}.Debug|Any CPU.Build.0 = Debug|Any CPU
		{097744F5-E2AA-48A4-86E0-AF2E443B974A}.Release|Any CPU.ActiveCfg = Release|Any CPU
		{097744F5-E2AA-48A4-86E0-AF2E443B974A}.Release|Any CPU.Build.0 = Release|Any CPU
	EndGlobalSection
	GlobalSection(SolutionProperties) = preSolution
		HideSolutionNode = FALSE
	EndGlobalSection
	GlobalSection(ExtensibilityGlobals) = postSolution
		SolutionGuid = {3A235127-0977-426A-8B45-8FA3A69F0998}
	EndGlobalSection
EndGlobal
